
Microsoft Visual Studio Solution File, Format Version 12.00
# Visual Studio 15
VisualStudioVersion = 15.0.28307.572
MinimumVisualStudioVersion = 10.0.40219.1
Project("{9A19103F-16F7-4668-BE54-9A1E7A4F7556}") = "DemoBlog", "DemoBlog.csproj", "{CFD65DD2-A629-4B46-A593-D334495CFAD0}"
EndProject
Global
	GlobalSection(SolutionConfigurationPlatforms) = preSolution
		Debug|Any CPU = Debug|Any CPU
		Release|Any CPU = Release|Any CPU
	EndGlobalSection
	GlobalSection(ProjectConfigurationPlatforms) = postSolution
		{CFD65DD2-A629-4B46-A593-D334495CFAD0}.Debug|Any CPU.ActiveCfg = Debug|Any CPU
		{CFD65DD2-A629-4B46-A593-D334495CFAD0}.Debug|Any CPU.Build.0 = Debug|Any CPU
		{CFD65DD2-A629-4B46-A593-D334495CFAD0}.Release|Any CPU.ActiveCfg = Release|Any CPU
		{CFD65DD2-A629-4B46-A593-D334495CFAD0}.Release|Any CPU.Build.0 = Release|Any CPU
	EndGlobalSection
	GlobalSection(SolutionProperties) = preSolution
		HideSolutionNode = FALSE
	EndGlobalSection
	GlobalSection(ExtensibilityGlobals) = postSolution
		SolutionGuid = {DD98A0DA-2E22-4AC9-96F9-6CFBEC4D5C54}
	EndGlobalSection
EndGlobal
